
Microsoft Visual Studio Solution File, Format Version 12.00
# Visual Studio Version 17
VisualStudioVersion = 17.7.34024.191
MinimumVisualStudioVersion = 10.0.40219.1
Project("{FAE04EC0-301F-11D3-BF4B-00C04F79EFBC}") = "RazorPages", "RazorPages\RazorPages.csproj", "{F96BA92C-ECF2-4E30-B966-9523F1012010}"
EndProject
Project("{FAE04EC0-301F-11D3-BF4B-00C04F79EFBC}") = "BusinessObjects", "BusinessObjects\BusinessObjects.csproj", "{1839CB7F-5CCB-459D-BBD5-F468589E2D8F}"
EndProject
Project("{FAE04EC0-301F-11D3-BF4B-00C04F79EFBC}") = "Repositories", "Repositories\Repositories.csproj", "{0B93F6D5-6EDE-43CF-86AB-D0BB40E17843}"
EndProject
Project("{FAE04EC0-301F-11D3-BF4B-00C04F79EFBC}") = "DataAccessObjects", "DataAccessObjects\DataAccessObjects.csproj", "{0B989D98-CFEF-45A9-ABB4-5F1933B8906B}"
EndProject
Global
	GlobalSection(SolutionConfigurationPlatforms) = preSolution
		Debug|Any CPU = Debug|Any CPU
		Release|Any CPU = Release|Any CPU
	EndGlobalSection
	GlobalSection(ProjectConfigurationPlatforms) = postSolution
		{F96BA92C-ECF2-4E30-B966-9523F1012010}.Debug|Any CPU.ActiveCfg = Debug|Any CPU
		{F96BA92C-ECF2-4E30-B966-9523F1012010}.Debug|Any CPU.Build.0 = Debug|Any CPU
		{F96BA92C-ECF2-4E30-B966-9523F1012010}.Release|Any CPU.ActiveCfg = Release|Any CPU
		{F96BA92C-ECF2-4E30-B966-9523F1012010}.Release|Any CPU.Build.0 = Release|Any CPU
		{1839CB7F-5CCB-459D-BBD5-F468589E2D8F}.Debug|Any CPU.ActiveCfg = Debug|Any CPU
		{1839CB7F-5CCB-459D-BBD5-F468589E2D8F}.Debug|Any CPU.Build.0 = Debug|Any CPU
		{1839CB7F-5CCB-459D-BBD5-F468589E2D8F}.Release|Any CPU.ActiveCfg = Release|Any CPU
		{1839CB7F-5CCB-459D-BBD5-F468589E2D8F}.Release|Any CPU.Build.0 = Release|Any CPU
		{0B93F6D5-6EDE-43CF-86AB-D0BB40E17843}.Debug|Any CPU.ActiveCfg = Debug|Any CPU
		{0B93F6D5-6EDE-43CF-86AB-D0BB40E17843}.Debug|Any CPU.Build.0 = Debug|Any CPU
		{0B93F6D5-6EDE-43CF-86AB-D0BB40E17843}.Release|Any CPU.ActiveCfg = Release|Any CPU
		{0B93F6D5-6EDE-43CF-86AB-D0BB40E17843}.Release|Any CPU.Build.0 = Release|Any CPU
		{0B989D98-CFEF-45A9-ABB4-5F1933B8906B}.Debug|Any CPU.ActiveCfg = Debug|Any CPU
		{0B989D98-CFEF-45A9-ABB4-5F1933B8906B}.Debug|Any CPU.Build.0 = Debug|Any CPU
		{0B989D98-CFEF-45A9-ABB4-5F1933B8906B}.Release|Any CPU.ActiveCfg = Release|Any CPU
		{0B989D98-CFEF-45A9-ABB4-5F1933B8906B}.Release|Any CPU.Build.0 = Release|Any CPU
	EndGlobalSection
	GlobalSection(SolutionProperties) = preSolution
		HideSolutionNode = FALSE
	EndGlobalSection
	GlobalSection(ExtensibilityGlobals) = postSolution
		SolutionGuid = {A55D0E41-5BA2-4114-BBDE-812AA09164F5}
	EndGlobalSection
EndGlobal
